{
    "_meta": {
        "hash": {
            "sha256": "33c490d2be4ae6cfbc7e5f758c45dd7dd05aea9ab673c568996de4c3cbf3fb5f"
        },
        "pipfile-spec": 6,
        "requires": {
            "python_version": "3.10"
        },
        "sources": [
            {
                "name": "pypi",
                "url": "https://pypi.org/simple",
                "verify_ssl": true
            }
        ]
    },
    "default": {
        "mutagen": {
            "hashes": [
                "sha256:6e5f8ba84836b99fe60be5fb27f84be4ad919bbb6b49caa6ae81e70584b55e58",
                "sha256:8af0728aa2d5c3ee5a727e28d0627966641fddfe804c23eabb5926a4d770aed5"
            ],
            "index": "pypi",
            "version": "==1.46.0"
        }
    },
    "develop": {}
}
