{
    "_meta": {
        "hash": {
            "sha256": "61af128cc5ac00960e2d9ca3ddde814446ca66fc4324f0f17bb39b08a74da878"
        },
        "pipfile-spec": 6,
        "requires": {
            "python_version": "3.11"
        },
        "sources": [
            {
                "name": "pypi",
                "url": "https://pypi.org/simple",
                "verify_ssl": true
            }
        ]
    },
    "default": {
        "colorama": {
            "hashes": [
                "sha256:08695f5cb7ed6e0531a20572697297273c47b8cae5a63ffc6d6ed5c201be6e44",
                "sha256:4f1d9991f5acc0ca119f9d443620b77f9d6b33703e51011c16baf57afb285fc6"
            ],
            "markers": "platform_system == 'Windows'",
            "version": "==0.4.6"
        },
        "mutagen": {
            "hashes": [
                "sha256:4f077fe87d3fc7fba259aa63d8c026b18382ca6a42ef37c61e16f1b1b5b82fe7",
                "sha256:8f95637ab9f6f305cec6bd1294e197debe207998e3e068596563c74f86b0a173"
            ],
            "index": "pypi",
            "markers": "python_version >= '3.10' and python_version < '4'",
            "version": "==1.48.1"
        },
        "tqdm": {
            "hashes": [
                "sha256:00dfa48452b6b6cfae3dd9885636c23d3422d1ec97c66d96818cbd5e0821d482",
                "sha256:39832cc2def2789a6f29df83f172db7416cea70052c0907a57801c5f2fdccb03"
            ],
            "index": "pypi",
            "markers": "python_version >= '3.8'",
            "version": "==4.68.3"
        }
    },
    "develop": {}
}
